{
  "name": "backend",
  "version": "1.0.0",
  "description": "This folder contains the backend for the Midlevelbot project.",
  "main": "index.js",
  "type": "commonjs",
  "scripts": {
    "start": "node index.js",
    "test": "echo 'No tests yet'"
  },
  "keywords": [],
  "author": "",
  "license": "ISC",
  "dependencies": {},
  "devDependencies": {}
}